{
  "name": "cs",
  "version": "1.0.0",
  "lockfileVersion": 2,
  "requires": true,
  "packages": {
    "": {
      "name": "cs",
      "version": "1.0.0",
      "license": "ISC",
      "dependencies": {
        "dotenv": "^16.0.1",
        "execution-time": "^1.4.1"
      }
    },
    "node_modules/dotenv": {
      "version": "16.0.1",
      "resolved": "https://registry.npmjs.org/dotenv/-/dotenv-16.0.1.tgz",
      "integrity": "sha512-1K6hR6wtk2FviQ4kEiSjFiH5rpzEVi8WW0x96aztHVMhEspNpc4DVOUTEHtEva5VThQ8IaBX1Pe4gSzpVVUsKQ==",
      "engines": {
        "node": ">=12"
      }
    },
    "node_modules/execution-time": {
      "version": "1.4.1",
      "resolved": "https://registry.npmjs.org/execution-time/-/execution-time-1.4.1.tgz",
      "integrity": "sha512-4t9svrTtsXxAEzAs9/tm1R/Voj5AYHqxd72BiLEbGQWJq2PD3tAmW8bXI7Pp0yorjaKshT1+NyKy0ytHlKW4Pg==",
      "dependencies": {
        "pretty-hrtime": "^1.0.3"
      }
    },
    "node_modules/pretty-hrtime": {
      "version": "1.0.3",
      "resolved": "https://registry.npmjs.org/pretty-hrtime/-/pretty-hrtime-1.0.3.tgz",
      "integrity": "sha1-t+PqQkNaTJsnWdmeDyAesZWALuE=",
      "engines": {
        "node": ">= 0.8"
      }
    }
  },
  "dependencies": {
    "dotenv": {
      "version": "16.0.1",
      "resolved": "https://registry.npmjs.org/dotenv/-/dotenv-16.0.1.tgz",
      "integrity": "sha512-1K6hR6wtk2FviQ4kEiSjFiH5rpzEVi8WW0x96aztHVMhEspNpc4DVOUTEHtEva5VThQ8IaBX1Pe4gSzpVVUsKQ=="
    },
    "execution-time": {
      "version": "1.4.1",
      "resolved": "https://registry.npmjs.org/execution-time/-/execution-time-1.4.1.tgz",
      "integrity": "sha512-4t9svrTtsXxAEzAs9/tm1R/Voj5AYHqxd72BiLEbGQWJq2PD3tAmW8bXI7Pp0yorjaKshT1+NyKy0ytHlKW4Pg==",
      "requires": {
        "pretty-hrtime": "^1.0.3"
      }
    },
    "pretty-hrtime": {
      "version": "1.0.3",
      "resolved": "https://registry.npmjs.org/pretty-hrtime/-/pretty-hrtime-1.0.3.tgz",
      "integrity": "sha1-t+PqQkNaTJsnWdmeDyAesZWALuE="
    }
  }
}
